# THIS IS AN AUTOGENERATED FILE. DO NOT EDIT THIS FILE DIRECTLY.
# yarn lockfile v1


commander@^2.11.0:
  version "2.11.0"
  resolved "https://registry.yarnpkg.com/commander/-/commander-2.11.0.tgz#157152fd1e7a6c8d98a5b715cf376df928004563"

if-json@^1.0.0:
  version "1.0.0"
  resolved "https://registry.yarnpkg.com/if-json/-/if-json-1.0.0.tgz#89776396daa286e2f132444499dc948f95d9040b"
  dependencies:
    json5 "^0.5.1"

json5@^0.5.1:
  version "0.5.1"
  resolved "https://registry.yarnpkg.com/json5/-/json5-0.5.1.tgz#1eade7acc012034ad84e2396767ead9fa5495821"
